
Microsoft Visual Studio Solution File, Format Version 12.00
# Visual Studio Version 17
VisualStudioVersion = 17.9.34723.18
MinimumVisualStudioVersion = 10.0.40219.1
Project("{FAE04EC0-301F-11D3-BF4B-00C04F79EFBC}") = "Elibrary", "Elibrary\Elibrary.csproj", "{D4085AA4-54E6-4AF7-AF47-075D44C0F293}"
EndProject
Global
	GlobalSection(SolutionConfigurationPlatforms) = preSolution
		Debug|Any CPU = Debug|Any CPU
		Release|Any CPU = Release|Any CPU
	EndGlobalSection
	GlobalSection(ProjectConfigurationPlatforms) = postSolution
		{D4085AA4-54E6-4AF7-AF47-075D44C0F293}.Debug|Any CPU.ActiveCfg = Debug|Any CPU
		{D4085AA4-54E6-4AF7-AF47-075D44C0F293}.Debug|Any CPU.Build.0 = Debug|Any CPU
		{D4085AA4-54E6-4AF7-AF47-075D44C0F293}.Release|Any CPU.ActiveCfg = Release|Any CPU
		{D4085AA4-54E6-4AF7-AF47-075D44C0F293}.Release|Any CPU.Build.0 = Release|Any CPU
	EndGlobalSection
	GlobalSection(SolutionProperties) = preSolution
		HideSolutionNode = FALSE
	EndGlobalSection
	GlobalSection(ExtensibilityGlobals) = postSolution
		SolutionGuid = {09164913-412B-45C2-8852-7DAC54A2E9EE}
	EndGlobalSection
EndGlobal
